
Microsoft Visual Studio Solution File, Format Version 12.00
# Visual Studio Version 16
VisualStudioVersion = 16.0.30804.86
MinimumVisualStudioVersion = 10.0.40219.1
Project("{8BC9CEB8-8B4A-11D0-8D11-00A0C91BC942}") = "test_4_21", "test_4_21.vcxproj", "{F702642C-1DA1-4A86-B3DF-7D7FCDD84E9F}"
EndProject
Global
	GlobalSection(SolutionConfigurationPlatforms) = preSolution
		Debug|x64 = Debug|x64
		Debug|x86 = Debug|x86
		Release|x64 = Release|x64
		Release|x86 = Release|x86
	EndGlobalSection
	GlobalSection(ProjectConfigurationPlatforms) = postSolution
		{F702642C-1DA1-4A86-B3DF-7D7FCDD84E9F}.Debug|x64.ActiveCfg = Debug|x64
		{F702642C-1DA1-4A86-B3DF-7D7FCDD84E9F}.Debug|x64.Build.0 = Debug|x64
		{F702642C-1DA1-4A86-B3DF-7D7FCDD84E9F}.Debug|x86.ActiveCfg = Debug|Win32
		{F702642C-1DA1-4A86-B3DF-7D7FCDD84E9F}.Debug|x86.Build.0 = Debug|Win32
		{F702642C-1DA1-4A86-B3DF-7D7FCDD84E9F}.Release|x64.ActiveCfg = Release|x64
		{F702642C-1DA1-4A86-B3DF-7D7FCDD84E9F}.Release|x64.Build.0 = Release|x64
		{F702642C-1DA1-4A86-B3DF-7D7FCDD84E9F}.Release|x86.ActiveCfg = Release|Win32
		{F702642C-1DA1-4A86-B3DF-7D7FCDD84E9F}.Release|x86.Build.0 = Release|Win32
	EndGlobalSection
	GlobalSection(SolutionProperties) = preSolution
		HideSolutionNode = FALSE
	EndGlobalSection
	GlobalSection(ExtensibilityGlobals) = postSolution
		SolutionGuid = {DA55BA61-0C79-44A6-AA03-22EE2858BB14}
	EndGlobalSection
EndGlobal
